
Microsoft Visual Studio Solution File, Format Version 12.00
# Visual Studio Version 17
VisualStudioVersion = 17.1.32328.378
MinimumVisualStudioVersion = 10.0.40219.1
Project("{FAE04EC0-301F-11D3-BF4B-00C04F79EFBC}") = "TelegramBotWeather", "TelegramBotWeather\TelegramBotWeather.csproj", "{562F44E0-009C-4605-A784-EBC2E73C1F03}"
EndProject
Global
	GlobalSection(SolutionConfigurationPlatforms) = preSolution
		Debug|Any CPU = Debug|Any CPU
		Release|Any CPU = Release|Any CPU
	EndGlobalSection
	GlobalSection(ProjectConfigurationPlatforms) = postSolution
		{562F44E0-009C-4605-A784-EBC2E73C1F03}.Debug|Any CPU.ActiveCfg = Debug|Any CPU
		{562F44E0-009C-4605-A784-EBC2E73C1F03}.Debug|Any CPU.Build.0 = Debug|Any CPU
		{562F44E0-009C-4605-A784-EBC2E73C1F03}.Release|Any CPU.ActiveCfg = Release|Any CPU
		{562F44E0-009C-4605-A784-EBC2E73C1F03}.Release|Any CPU.Build.0 = Release|Any CPU
	EndGlobalSection
	GlobalSection(SolutionProperties) = preSolution
		HideSolutionNode = FALSE
	EndGlobalSection
	GlobalSection(ExtensibilityGlobals) = postSolution
		SolutionGuid = {1533E1F1-BD43-4160-82E8-CA429BC33A90}
	EndGlobalSection
EndGlobal
